
Microsoft Visual Studio Solution File, Format Version 12.00
# Visual Studio Version 17
VisualStudioVersion = 17.7.34202.233
MinimumVisualStudioVersion = 10.0.40219.1
Project("{FAE04EC0-301F-11D3-BF4B-00C04F79EFBC}") = "PetAdoption", "PetAdoption\PetAdoption.csproj", "{52D3FA08-6F95-4A75-9E35-BF8F35E7E637}"
EndProject
Project("{FAE04EC0-301F-11D3-BF4B-00C04F79EFBC}") = "Contracts", "Contracts\Contracts.csproj", "{3F66D8D2-6350-4D94-9804-B699F24C1848}"
EndProject
Project("{FAE04EC0-301F-11D3-BF4B-00C04F79EFBC}") = "LoggerService", "LoggerService\LoggerService.csproj", "{402F0659-C2CF-4917-B9C0-53FB55202315}"
EndProject
Project("{FAE04EC0-301F-11D3-BF4B-00C04F79EFBC}") = "Entities", "Entities\Entities.csproj", "{ABF6F795-5B45-4EE0-A32C-AB2AEB0C6054}"
EndProject
Project("{FAE04EC0-301F-11D3-BF4B-00C04F79EFBC}") = "Repository", "Repository\Repository.csproj", "{C1670486-E4F8-48EE-8ED8-ACC4692C1433}"
EndProject
Global
	GlobalSection(SolutionConfigurationPlatforms) = preSolution
		Debug|Any CPU = Debug|Any CPU
		Release|Any CPU = Release|Any CPU
	EndGlobalSection
	GlobalSection(ProjectConfigurationPlatforms) = postSolution
		{52D3FA08-6F95-4A75-9E35-BF8F35E7E637}.Debug|Any CPU.ActiveCfg = Debug|Any CPU
		{52D3FA08-6F95-4A75-9E35-BF8F35E7E637}.Debug|Any CPU.Build.0 = Debug|Any CPU
		{52D3FA08-6F95-4A75-9E35-BF8F35E7E637}.Release|Any CPU.ActiveCfg = Release|Any CPU
		{52D3FA08-6F95-4A75-9E35-BF8F35E7E637}.Release|Any CPU.Build.0 = Release|Any CPU
		{3F66D8D2-6350-4D94-9804-B699F24C1848}.Debug|Any CPU.ActiveCfg = Debug|Any CPU
		{3F66D8D2-6350-4D94-9804-B699F24C1848}.Debug|Any CPU.Build.0 = Debug|Any CPU
		{3F66D8D2-6350-4D94-9804-B699F24C1848}.Release|Any CPU.ActiveCfg = Release|Any CPU
		{3F66D8D2-6350-4D94-9804-B699F24C1848}.Release|Any CPU.Build.0 = Release|Any CPU
		{402F0659-C2CF-4917-B9C0-53FB55202315}.Debug|Any CPU.ActiveCfg = Debug|Any CPU
		{402F0659-C2CF-4917-B9C0-53FB55202315}.Debug|Any CPU.Build.0 = Debug|Any CPU
		{402F0659-C2CF-4917-B9C0-53FB55202315}.Release|Any CPU.ActiveCfg = Release|Any CPU
		{402F0659-C2CF-4917-B9C0-53FB55202315}.Release|Any CPU.Build.0 = Release|Any CPU
		{ABF6F795-5B45-4EE0-A32C-AB2AEB0C6054}.Debug|Any CPU.ActiveCfg = Debug|Any CPU
		{ABF6F795-5B45-4EE0-A32C-AB2AEB0C6054}.Debug|Any CPU.Build.0 = Debug|Any CPU
		{ABF6F795-5B45-4EE0-A32C-AB2AEB0C6054}.Release|Any CPU.ActiveCfg = Release|Any CPU
		{ABF6F795-5B45-4EE0-A32C-AB2AEB0C6054}.Release|Any CPU.Build.0 = Release|Any CPU
		{C1670486-E4F8-48EE-8ED8-ACC4692C1433}.Debug|Any CPU.ActiveCfg = Debug|Any CPU
		{C1670486-E4F8-48EE-8ED8-ACC4692C1433}.Debug|Any CPU.Build.0 = Debug|Any CPU
		{C1670486-E4F8-48EE-8ED8-ACC4692C1433}.Release|Any CPU.ActiveCfg = Release|Any CPU
		{C1670486-E4F8-48EE-8ED8-ACC4692C1433}.Release|Any CPU.Build.0 = Release|Any CPU
	EndGlobalSection
	GlobalSection(SolutionProperties) = preSolution
		HideSolutionNode = FALSE
	EndGlobalSection
	GlobalSection(ExtensibilityGlobals) = postSolution
		SolutionGuid = {72835DE3-C6B6-408C-92A1-648D36DBA009}
	EndGlobalSection
EndGlobal
